
Microsoft Visual Studio Solution File, Format Version 12.00
# Visual Studio 15
VisualStudioVersion = 15.0.27130.2020
MinimumVisualStudioVersion = 10.0.40219.1
Project("{FAE04EC0-301F-11D3-BF4B-00C04F79EFBC}") = "StudentEvulotion", "StudentEvulotion\StudentEvulotion.csproj", "{2E73A722-0F7D-41D0-8842-856EB6A15297}"
EndProject
Global
	GlobalSection(SolutionConfigurationPlatforms) = preSolution
		Debug|Any CPU = Debug|Any CPU
		Release|Any CPU = Release|Any CPU
	EndGlobalSection
	GlobalSection(ProjectConfigurationPlatforms) = postSolution
		{2E73A722-0F7D-41D0-8842-856EB6A15297}.Debug|Any CPU.ActiveCfg = Debug|Any CPU
		{2E73A722-0F7D-41D0-8842-856EB6A15297}.Debug|Any CPU.Build.0 = Debug|Any CPU
		{2E73A722-0F7D-41D0-8842-856EB6A15297}.Release|Any CPU.ActiveCfg = Release|Any CPU
		{2E73A722-0F7D-41D0-8842-856EB6A15297}.Release|Any CPU.Build.0 = Release|Any CPU
	EndGlobalSection
	GlobalSection(SolutionProperties) = preSolution
		HideSolutionNode = FALSE
	EndGlobalSection
	GlobalSection(ExtensibilityGlobals) = postSolution
		SolutionGuid = {DC62403A-B19D-44BE-A2E9-D05457DF4A94}
	EndGlobalSection
EndGlobal
